
Microsoft Visual Studio Solution File, Format Version 12.00
# Visual Studio Version 17
VisualStudioVersion = 17.9.34622.214
MinimumVisualStudioVersion = 10.0.40219.1
Project("{FAE04EC0-301F-11D3-BF4B-00C04F79EFBC}") = "LMS-plan-api", "LMS-plan-api\LMS-plan-api.csproj", "{991BFA19-09F8-4F0E-B047-2CBCDA22148E}"
EndProject
Project("{FAE04EC0-301F-11D3-BF4B-00C04F79EFBC}") = "DAL", "DAL\DAL.csproj", "{6AC09B59-579E-4466-8C81-14D4734E8471}"
EndProject
Project("{FAE04EC0-301F-11D3-BF4B-00C04F79EFBC}") = "Logic", "Logic\Logic.csproj", "{9EB33365-D00C-471D-814B-A415404C6F46}"
EndProject
Global
	GlobalSection(SolutionConfigurationPlatforms) = preSolution
		Debug|Any CPU = Debug|Any CPU
		Release|Any CPU = Release|Any CPU
	EndGlobalSection
	GlobalSection(ProjectConfigurationPlatforms) = postSolution
		{991BFA19-09F8-4F0E-B047-2CBCDA22148E}.Debug|Any CPU.ActiveCfg = Debug|Any CPU
		{991BFA19-09F8-4F0E-B047-2CBCDA22148E}.Debug|Any CPU.Build.0 = Debug|Any CPU
		{991BFA19-09F8-4F0E-B047-2CBCDA22148E}.Release|Any CPU.ActiveCfg = Release|Any CPU
		{991BFA19-09F8-4F0E-B047-2CBCDA22148E}.Release|Any CPU.Build.0 = Release|Any CPU
		{6AC09B59-579E-4466-8C81-14D4734E8471}.Debug|Any CPU.ActiveCfg = Debug|Any CPU
		{6AC09B59-579E-4466-8C81-14D4734E8471}.Debug|Any CPU.Build.0 = Debug|Any CPU
		{6AC09B59-579E-4466-8C81-14D4734E8471}.Release|Any CPU.ActiveCfg = Release|Any CPU
		{6AC09B59-579E-4466-8C81-14D4734E8471}.Release|Any CPU.Build.0 = Release|Any CPU
		{9EB33365-D00C-471D-814B-A415404C6F46}.Debug|Any CPU.ActiveCfg = Debug|Any CPU
		{9EB33365-D00C-471D-814B-A415404C6F46}.Debug|Any CPU.Build.0 = Debug|Any CPU
		{9EB33365-D00C-471D-814B-A415404C6F46}.Release|Any CPU.ActiveCfg = Release|Any CPU
		{9EB33365-D00C-471D-814B-A415404C6F46}.Release|Any CPU.Build.0 = Release|Any CPU
	EndGlobalSection
	GlobalSection(SolutionProperties) = preSolution
		HideSolutionNode = FALSE
	EndGlobalSection
	GlobalSection(ExtensibilityGlobals) = postSolution
		SolutionGuid = {88DE5A2C-ADA3-4458-974E-BB13C6B8A401}
	EndGlobalSection
EndGlobal
